// !$*UTF8*$!
{
	archiveVersion = 1;
	classes = {
	};
	objectVersion = 56;
	objects = {

/* Begin PBXBuildFile section */
		A96E38D529ADF90200BD4817 /* GoogleService-Info.plist in Resources */ = {isa = PBXBuildFile; fileRef = A96E38D429ADF90200BD4817 /* GoogleService-Info.plist */; };
		A96E38D829ADFA6300BD4817 /* FirebaseFirestore in Frameworks */ = {isa = PBXBuildFile; productRef = A96E38D729ADFA6300BD4817 /* FirebaseFirestore */; };
		A96E38DA29ADFA6300BD4817 /* FirebaseFirestoreSwift in Frameworks */ = {isa = PBXBuildFile; productRef = A96E38D929ADFA6300BD4817 /* FirebaseFirestoreSwift */; };
		A96E38DE29ADFEB300BD4817 /* AuthService.swift in Sources */ = {isa = PBXBuildFile; fileRef = A96E38DD29ADFEB300BD4817 /* AuthService.swift */; };
		A97D453529B1485500990372 /* SongListViewModel.swift in Sources */ = {isa = PBXBuildFile; fileRef = A97D453429B1485500990372 /* SongListViewModel.swift */; };
		A97D453729B155DE00990372 /* FetchState.swift in Sources */ = {isa = PBXBuildFile; fileRef = A97D453629B155DE00990372 /* FetchState.swift */; };
		A9C67ABB296D8DAF0010AB47 /* ListenToYourHeartApp.swift in Sources */ = {isa = PBXBuildFile; fileRef = A9C67ABA296D8DAF0010AB47 /* ListenToYourHeartApp.swift */; };
		A9C67ABD296D8DAF0010AB47 /* ContentView.swift in Sources */ = {isa = PBXBuildFile; fileRef = A9C67ABC296D8DAF0010AB47 /* ContentView.swift */; };
		A9C67ABF296D8DB00010AB47 /* Assets.xcassets in Resources */ = {isa = PBXBuildFile; fileRef = A9C67ABE296D8DB00010AB47 /* Assets.xcassets */; };
		A9C67AC2296D8DB00010AB47 /* Preview Assets.xcassets in Resources */ = {isa = PBXBuildFile; fileRef = A9C67AC1296D8DB00010AB47 /* Preview Assets.xcassets */; };
		A9C67ACA296D90BB0010AB47 /* WelcomeScreen.swift in Sources */ = {isa = PBXBuildFile; fileRef = A9C67AC9296D90BB0010AB47 /* WelcomeScreen.swift */; };
		A9C67ACC296DA5520010AB47 /* LoginScreen.swift in Sources */ = {isa = PBXBuildFile; fileRef = A9C67ACB296DA5520010AB47 /* LoginScreen.swift */; };
		A9C67ACE296DA5680010AB47 /* SignupScreen.swift in Sources */ = {isa = PBXBuildFile; fileRef = A9C67ACD296DA5680010AB47 /* SignupScreen.swift */; };
		A9CC278029B09CAD00EEDE21 /* APIService.swift in Sources */ = {isa = PBXBuildFile; fileRef = A9CC277F29B09CAD00EEDE21 /* APIService.swift */; };
		A9CE12CB29951DD60061A518 /* SearchScreen.swift in Sources */ = {isa = PBXBuildFile; fileRef = A9CE12CA29951DD60061A518 /* SearchScreen.swift */; };
		A9D3218329ACBC8800FDBFF6 /* Album.swift in Sources */ = {isa = PBXBuildFile; fileRef = A9D3218229ACBC8800FDBFF6 /* Album.swift */; };
		A9D3218529ACBCAD00FDBFF6 /* Song.swift in Sources */ = {isa = PBXBuildFile; fileRef = A9D3218429ACBCAD00FDBFF6 /* Song.swift */; };
		A9D3218929ACBDC100FDBFF6 /* AlbumListView.swift in Sources */ = {isa = PBXBuildFile; fileRef = A9D3218829ACBDC100FDBFF6 /* AlbumListView.swift */; };
		A9D3218B29ACC0EC00FDBFF6 /* Message.swift in Sources */ = {isa = PBXBuildFile; fileRef = A9D3218A29ACC0EC00FDBFF6 /* Message.swift */; };
		A9D3218D29ACC11C00FDBFF6 /* Contact.swift in Sources */ = {isa = PBXBuildFile; fileRef = A9D3218C29ACC11C00FDBFF6 /* Contact.swift */; };
		A9D3219029ACC26100FDBFF6 /* TitleRow.swift in Sources */ = {isa = PBXBuildFile; fileRef = A9D3218F29ACC26100FDBFF6 /* TitleRow.swift */; };
		A9D3219229ACC2A300FDBFF6 /* MessageBubble.swift in Sources */ = {isa = PBXBuildFile; fileRef = A9D3219129ACC2A300FDBFF6 /* MessageBubble.swift */; };
		A9D3219429ACC2CB00FDBFF6 /* MessageField.swift in Sources */ = {isa = PBXBuildFile; fileRef = A9D3219329ACC2CB00FDBFF6 /* MessageField.swift */; };
		A9D3219729ACCEF800FDBFF6 /* Extensions.swift in Sources */ = {isa = PBXBuildFile; fileRef = A9D3219629ACCEF800FDBFF6 /* Extensions.swift */; };
		A9D3219F29ACDD0000FDBFF6 /* ChatListView.swift in Sources */ = {isa = PBXBuildFile; fileRef = A9D3219E29ACDD0000FDBFF6 /* ChatListView.swift */; };
		A9D321A829ACEF4E00FDBFF6 /* MessagesManager.swift in Sources */ = {isa = PBXBuildFile; fileRef = A9D321A729ACEF4E00FDBFF6 /* MessagesManager.swift */; };
		A9D5E80C29AFE5CC00277D21 /* ChatConversationView.swift in Sources */ = {isa = PBXBuildFile; fileRef = A9D5E80B29AFE5CC00277D21 /* ChatConversationView.swift */; };
		A9D5E80E29AFEB3100277D21 /* AlbumSearchView.swift in Sources */ = {isa = PBXBuildFile; fileRef = A9D5E80D29AFEB3100277D21 /* AlbumSearchView.swift */; };
		A9D5E81029AFFE7600277D21 /* APIError.swift in Sources */ = {isa = PBXBuildFile; fileRef = A9D5E80F29AFFE7600277D21 /* APIError.swift */; };
		A9D910A729CB460900AD3610 /* SongListView.swift in Sources */ = {isa = PBXBuildFile; fileRef = A9D910A629CB460900AD3610 /* SongListView.swift */; };
		A9D910A929CB472F00AD3610 /* SongSearchView.swift in Sources */ = {isa = PBXBuildFile; fileRef = A9D910A829CB472F00AD3610 /* SongSearchView.swift */; };
		A9D910AC29CB527F00AD3610 /* MovieListView.swift in Sources */ = {isa = PBXBuildFile; fileRef = A9D910AB29CB527F00AD3610 /* MovieListView.swift */; };
		A9D910AE29CB529500AD3610 /* MovieSearchListView.swift in Sources */ = {isa = PBXBuildFile; fileRef = A9D910AD29CB529500AD3610 /* MovieSearchListView.swift */; };
		A9D910B029CB553300AD3610 /* Movie.swift in Sources */ = {isa = PBXBuildFile; fileRef = A9D910AF29CB553300AD3610 /* Movie.swift */; };
		A9D910B229CB55A600AD3610 /* MovieListViewModel.swift in Sources */ = {isa = PBXBuildFile; fileRef = A9D910B129CB55A600AD3610 /* MovieListViewModel.swift */; };
		A9DD2D0129A6477000A60E40 /* AlbumListViewModel.swift in Sources */ = {isa = PBXBuildFile; fileRef = A9DD2D0029A6477000A60E40 /* AlbumListViewModel.swift */; };
/* End PBXBuildFile section */

/* Begin PBXFileReference section */
		A96E38D429ADF90200BD4817 /* GoogleService-Info.plist */ = {isa = PBXFileReference; fileEncoding = 4; lastKnownFileType = text.plist.xml; path = "GoogleService-Info.plist"; sourceTree = "<group>"; };
		A96E38DB29ADFCC300BD4817 /* ListenToYourHeart.entitlements */ = {isa = PBXFileReference; lastKnownFileType = text.plist.entitlements; path = ListenToYourHeart.entitlements; sourceTree = "<group>"; };
		A96E38DD29ADFEB300BD4817 /* AuthService.swift */ = {isa = PBXFileReference; lastKnownFileType = sourcecode.swift; path = AuthService.swift; sourceTree = "<group>"; };
		A97D453429B1485500990372 /* SongListViewModel.swift */ = {isa = PBXFileReference; lastKnownFileType = sourcecode.swift; path = SongListViewModel.swift; sourceTree = "<group>"; };
		A97D453629B155DE00990372 /* FetchState.swift */ = {isa = PBXFileReference; lastKnownFileType = sourcecode.swift; path = FetchState.swift; sourceTree = "<group>"; };
		A9C67AB7296D8DAF0010AB47 /* ListenToYourHeart.app */ = {isa = PBXFileReference; explicitFileType = wrapper.application; includeInIndex = 0; path = ListenToYourHeart.app; sourceTree = BUILT_PRODUCTS_DIR; };
		A9C67ABA296D8DAF0010AB47 /* ListenToYourHeartApp.swift */ = {isa = PBXFileReference; lastKnownFileType = sourcecode.swift; path = ListenToYourHeartApp.swift; sourceTree = "<group>"; };
		A9C67ABC296D8DAF0010AB47 /* ContentView.swift */ = {isa = PBXFileReference; lastKnownFileType = sourcecode.swift; path = ContentView.swift; sourceTree = "<group>"; };
		A9C67ABE296D8DB00010AB47 /* Assets.xcassets */ = {isa = PBXFileReference; lastKnownFileType = folder.assetcatalog; path = Assets.xcassets; sourceTree = "<group>"; };
		A9C67AC1296D8DB00010AB47 /* Preview Assets.xcassets */ = {isa = PBXFileReference; lastKnownFileType = folder.assetcatalog; path = "Preview Assets.xcassets"; sourceTree = "<group>"; };
		A9C67AC9296D90BB0010AB47 /* WelcomeScreen.swift */ = {isa = PBXFileReference; lastKnownFileType = sourcecode.swift; path = WelcomeScreen.swift; sourceTree = "<group>"; };
		A9C67ACB296DA5520010AB47 /* LoginScreen.swift */ = {isa = PBXFileReference; lastKnownFileType = sourcecode.swift; path = LoginScreen.swift; sourceTree = "<group>"; };
		A9C67ACD296DA5680010AB47 /* SignupScreen.swift */ = {isa = PBXFileReference; lastKnownFileType = sourcecode.swift; path = SignupScreen.swift; sourceTree = "<group>"; };
		A9CC277F29B09CAD00EEDE21 /* APIService.swift */ = {isa = PBXFileReference; lastKnownFileType = sourcecode.swift; path = APIService.swift; sourceTree = "<group>"; };
		A9CE12CA29951DD60061A518 /* SearchScreen.swift */ = {isa = PBXFileReference; lastKnownFileType = sourcecode.swift; path = SearchScreen.swift; sourceTree = "<group>"; };
		A9D3218229ACBC8800FDBFF6 /* Album.swift */ = {isa = PBXFileReference; lastKnownFileType = sourcecode.swift; path = Album.swift; sourceTree = "<group>"; };
		A9D3218429ACBCAD00FDBFF6 /* Song.swift */ = {isa = PBXFileReference; lastKnownFileType = sourcecode.swift; path = Song.swift; sourceTree = "<group>"; };
		A9D3218829ACBDC100FDBFF6 /* AlbumListView.swift */ = {isa = PBXFileReference; lastKnownFileType = sourcecode.swift; path = AlbumListView.swift; sourceTree = "<group>"; };
		A9D3218A29ACC0EC00FDBFF6 /* Message.swift */ = {isa = PBXFileReference; lastKnownFileType = sourcecode.swift; path = Message.swift; sourceTree = "<group>"; };
		A9D3218C29ACC11C00FDBFF6 /* Contact.swift */ = {isa = PBXFileReference; lastKnownFileType = sourcecode.swift; path = Contact.swift; sourceTree = "<group>"; };
		A9D3218F29ACC26100FDBFF6 /* TitleRow.swift */ = {isa = PBXFileReference; lastKnownFileType = sourcecode.swift; path = TitleRow.swift; sourceTree = "<group>"; };
		A9D3219129ACC2A300FDBFF6 /* MessageBubble.swift */ = {isa = PBXFileReference; lastKnownFileType = sourcecode.swift; path = MessageBubble.swift; sourceTree = "<group>"; };
		A9D3219329ACC2CB00FDBFF6 /* MessageField.swift */ = {isa = PBXFileReference; lastKnownFileType = sourcecode.swift; path = MessageField.swift; sourceTree = "<group>"; };
		A9D3219629ACCEF800FDBFF6 /* Extensions.swift */ = {isa = PBXFileReference; lastKnownFileType = sourcecode.swift; path = Extensions.swift; sourceTree = "<group>"; };
		A9D3219E29ACDD0000FDBFF6 /* ChatListView.swift */ = {isa = PBXFileReference; lastKnownFileType = sourcecode.swift; path = ChatListView.swift; sourceTree = "<group>"; };
		A9D321A729ACEF4E00FDBFF6 /* MessagesManager.swift */ = {isa = PBXFileReference; lastKnownFileType = sourcecode.swift; path = MessagesManager.swift; sourceTree = "<group>"; };
		A9D5E80B29AFE5CC00277D21 /* ChatConversationView.swift */ = {isa = PBXFileReference; lastKnownFileType = sourcecode.swift; path = ChatConversationView.swift; sourceTree = "<group>"; };
		A9D5E80D29AFEB3100277D21 /* AlbumSearchView.swift */ = {isa = PBXFileReference; lastKnownFileType = sourcecode.swift; path = AlbumSearchView.swift; sourceTree = "<group>"; };
		A9D5E80F29AFFE7600277D21 /* APIError.swift */ = {isa = PBXFileReference; lastKnownFileType = sourcecode.swift; path = APIError.swift; sourceTree = "<group>"; };
		A9D910A629CB460900AD3610 /* SongListView.swift */ = {isa = PBXFileReference; lastKnownFileType = sourcecode.swift; path = SongListView.swift; sourceTree = "<group>"; };
		A9D910A829CB472F00AD3610 /* SongSearchView.swift */ = {isa = PBXFileReference; lastKnownFileType = sourcecode.swift; path = SongSearchView.swift; sourceTree = "<group>"; };
		A9D910AB29CB527F00AD3610 /* MovieListView.swift */ = {isa = PBXFileReference; lastKnownFileType = sourcecode.swift; path = MovieListView.swift; sourceTree = "<group>"; };
		A9D910AD29CB529500AD3610 /* MovieSearchListView.swift */ = {isa = PBXFileReference; lastKnownFileType = sourcecode.swift; path = MovieSearchListView.swift; sourceTree = "<group>"; };
		A9D910AF29CB553300AD3610 /* Movie.swift */ = {isa = PBXFileReference; lastKnownFileType = sourcecode.swift; path = Movie.swift; sourceTree = "<group>"; };
		A9D910B129CB55A600AD3610 /* MovieListViewModel.swift */ = {isa = PBXFileReference; lastKnownFileType = sourcecode.swift; path = MovieListViewModel.swift; sourceTree = "<group>"; };
		A9DD2D0029A6477000A60E40 /* AlbumListViewModel.swift */ = {isa = PBXFileReference; lastKnownFileType = sourcecode.swift; path = AlbumListViewModel.swift; sourceTree = "<group>"; };
/* End PBXFileReference section */

/* Begin PBXFrameworksBuildPhase section */
		A9C67AB4296D8DAF0010AB47 /* Frameworks */ = {
			isa = PBXFrameworksBuildPhase;
			buildActionMask = 2147483647;
			files = (
				A96E38D829ADFA6300BD4817 /* FirebaseFirestore in Frameworks */,
				A96E38DA29ADFA6300BD4817 /* FirebaseFirestoreSwift in Frameworks */,
			);
			runOnlyForDeploymentPostprocessing = 0;
		};
/* End PBXFrameworksBuildPhase section */

/* Begin PBXGroup section */
		A96E38DC29ADFE7B00BD4817 /* Service */ = {
			isa = PBXGroup;
			children = (
				A96E38DD29ADFEB300BD4817 /* AuthService.swift */,
			);
			path = Service;
			sourceTree = "<group>";
		};
		A97D453A29B15A7300990372 /* song */ = {
			isa = PBXGroup;
			children = (
				A9D910A629CB460900AD3610 /* SongListView.swift */,
				A9D910A829CB472F00AD3610 /* SongSearchView.swift */,
			);
			path = song;
			sourceTree = "<group>";
		};
		A97D453B29B15A8000990372 /* album */ = {
			isa = PBXGroup;
			children = (
				A9D3218829ACBDC100FDBFF6 /* AlbumListView.swift */,
				A9D5E80D29AFEB3100277D21 /* AlbumSearchView.swift */,
			);
			path = album;
			sourceTree = "<group>";
		};
		A9C0BD4B29B239BD0001BE9F /* chat */ = {
			isa = PBXGroup;
			children = (
				A9D5E80B29AFE5CC00277D21 /* ChatConversationView.swift */,
				A9D3219E29ACDD0000FDBFF6 /* ChatListView.swift */,
			);
			path = chat;
			sourceTree = "<group>";
		};
		A9C0BD4C29B23A000001BE9F /* ChatComponents */ = {
			isa = PBXGroup;
			children = (
				A9D3219129ACC2A300FDBFF6 /* MessageBubble.swift */,
				A9D3218F29ACC26100FDBFF6 /* TitleRow.swift */,
				A9D3219329ACC2CB00FDBFF6 /* MessageField.swift */,
			);
			path = ChatComponents;
			sourceTree = "<group>";
		};
		A9C67AAE296D8DAF0010AB47 = {
			isa = PBXGroup;
			children = (
				A9C67AB9296D8DAF0010AB47 /* ListenToYourHeart */,
				A9C67AB8296D8DAF0010AB47 /* Products */,
			);
			sourceTree = "<group>";
		};
		A9C67AB8296D8DAF0010AB47 /* Products */ = {
			isa = PBXGroup;
			children = (
				A9C67AB7296D8DAF0010AB47 /* ListenToYourHeart.app */,
			);
			name = Products;
			sourceTree = "<group>";
		};
		A9C67AB9296D8DAF0010AB47 /* ListenToYourHeart */ = {
			isa = PBXGroup;
			children = (
				A96E38DC29ADFE7B00BD4817 /* Service */,
				A96E38DB29ADFCC300BD4817 /* ListenToYourHeart.entitlements */,
				A96E38D429ADF90200BD4817 /* GoogleService-Info.plist */,
				A9D3218E29ACC20300FDBFF6 /* Components */,
				A9D4472F29A3B8BF001144AF /* ViewModel */,
				A9D4472E29A3B8B1001144AF /* Models */,
				A9C67AC8296D8DFE0010AB47 /* Views */,
				A9C67ABA296D8DAF0010AB47 /* ListenToYourHeartApp.swift */,
				A9C67ABC296D8DAF0010AB47 /* ContentView.swift */,
				A9C67ABE296D8DB00010AB47 /* Assets.xcassets */,
				A9C67AC0296D8DB00010AB47 /* Preview Content */,
				A9D3219629ACCEF800FDBFF6 /* Extensions.swift */,
				A9D321A729ACEF4E00FDBFF6 /* MessagesManager.swift */,
			);
			path = ListenToYourHeart;
			sourceTree = "<group>";
		};
		A9C67AC0296D8DB00010AB47 /* Preview Content */ = {
			isa = PBXGroup;
			children = (
				A9C67AC1296D8DB00010AB47 /* Preview Assets.xcassets */,
			);
			path = "Preview Content";
			sourceTree = "<group>";
		};
		A9C67AC8296D8DFE0010AB47 /* Views */ = {
			isa = PBXGroup;
			children = (
				A9D910AA29CB525E00AD3610 /* movie */,
				A9D8B22D29B8BB5A003A1905 /* search */,
				A9C0BD4B29B239BD0001BE9F /* chat */,
				A97D453B29B15A8000990372 /* album */,
				A97D453A29B15A7300990372 /* song */,
				A9C67AC9296D90BB0010AB47 /* WelcomeScreen.swift */,
				A9C67ACB296DA5520010AB47 /* LoginScreen.swift */,
				A9C67ACD296DA5680010AB47 /* SignupScreen.swift */,
				A9CE12CA29951DD60061A518 /* SearchScreen.swift */,
			);
			path = Views;
			sourceTree = "<group>";
		};
		A9D3218E29ACC20300FDBFF6 /* Components */ = {
			isa = PBXGroup;
			children = (
				A9C0BD4C29B23A000001BE9F /* ChatComponents */,
			);
			path = Components;
			sourceTree = "<group>";
		};
		A9D4472E29A3B8B1001144AF /* Models */ = {
			isa = PBXGroup;
			children = (
				A9D3218229ACBC8800FDBFF6 /* Album.swift */,
				A9D3218429ACBCAD00FDBFF6 /* Song.swift */,
				A9D3218A29ACC0EC00FDBFF6 /* Message.swift */,
				A9D3218C29ACC11C00FDBFF6 /* Contact.swift */,
				A9D5E80F29AFFE7600277D21 /* APIError.swift */,
				A97D453629B155DE00990372 /* FetchState.swift */,
				A9D910AF29CB553300AD3610 /* Movie.swift */,
			);
			path = Models;
			sourceTree = "<group>";
		};
		A9D4472F29A3B8BF001144AF /* ViewModel */ = {
			isa = PBXGroup;
			children = (
				A9DD2D0029A6477000A60E40 /* AlbumListViewModel.swift */,
				A9CC277F29B09CAD00EEDE21 /* APIService.swift */,
				A97D453429B1485500990372 /* SongListViewModel.swift */,
				A9D910B129CB55A600AD3610 /* MovieListViewModel.swift */,
			);
			path = ViewModel;
			sourceTree = "<group>";
		};
		A9D8B22D29B8BB5A003A1905 /* search */ = {
			isa = PBXGroup;
			children = (
			);
			path = search;
			sourceTree = "<group>";
		};
		A9D910AA29CB525E00AD3610 /* movie */ = {
			isa = PBXGroup;
			children = (
				A9D910AB29CB527F00AD3610 /* MovieListView.swift */,
				A9D910AD29CB529500AD3610 /* MovieSearchListView.swift */,
			);
			path = movie;
			sourceTree = "<group>";
		};
/* End PBXGroup section */

/* Begin PBXNativeTarget section */
		A9C67AB6296D8DAF0010AB47 /* ListenToYourHeart */ = {
			isa = PBXNativeTarget;
			buildConfigurationList = A9C67AC5296D8DB00010AB47 /* Build configuration list for PBXNativeTarget "ListenToYourHeart" */;
			buildPhases = (
				A9C67AB3296D8DAF0010AB47 /* Sources */,
				A9C67AB4296D8DAF0010AB47 /* Frameworks */,
				A9C67AB5296D8DAF0010AB47 /* Resources */,
			);
			buildRules = (
			);
			dependencies = (
			);
			name = ListenToYourHeart;
			packageProductDependencies = (
				A96E38D729ADFA6300BD4817 /* FirebaseFirestore */,
				A96E38D929ADFA6300BD4817 /* FirebaseFirestoreSwift */,
			);
			productName = ListenToYourHeart;
			productReference = A9C67AB7296D8DAF0010AB47 /* ListenToYourHeart.app */;
			productType = "com.apple.product-type.application";
		};
/* End PBXNativeTarget section */

/* Begin PBXProject section */
		A9C67AAF296D8DAF0010AB47 /* Project object */ = {
			isa = PBXProject;
			attributes = {
				BuildIndependentTargetsInParallel = 1;
				LastSwiftUpdateCheck = 1420;
				LastUpgradeCheck = 1420;
				TargetAttributes = {
					A9C67AB6296D8DAF0010AB47 = {
						CreatedOnToolsVersion = 14.2;
					};
				};
			};
			buildConfigurationList = A9C67AB2296D8DAF0010AB47 /* Build configuration list for PBXProject "ListenToYourHeart" */;
			compatibilityVersion = "Xcode 14.0";
			developmentRegion = en;
			hasScannedForEncodings = 0;
			knownRegions = (
				en,
				Base,
			);
			mainGroup = A9C67AAE296D8DAF0010AB47;
			packageReferences = (
				A96E38D629ADFA6300BD4817 /* XCRemoteSwiftPackageReference "firebase-ios-sdk" */,
			);
			productRefGroup = A9C67AB8296D8DAF0010AB47 /* Products */;
			projectDirPath = "";
			projectRoot = "";
			targets = (
				A9C67AB6296D8DAF0010AB47 /* ListenToYourHeart */,
			);
		};
/* End PBXProject section */

/* Begin PBXResourcesBuildPhase section */
		A9C67AB5296D8DAF0010AB47 /* Resources */ = {
			isa = PBXResourcesBuildPhase;
			buildActionMask = 2147483647;
			files = (
				A9C67AC2296D8DB00010AB47 /* Preview Assets.xcassets in Resources */,
				A9C67ABF296D8DB00010AB47 /* Assets.xcassets in Resources */,
				A96E38D529ADF90200BD4817 /* GoogleService-Info.plist in Resources */,
			);
			runOnlyForDeploymentPostprocessing = 0;
		};
/* End PBXResourcesBuildPhase section */

/* Begin PBXSourcesBuildPhase section */
		A9C67AB3296D8DAF0010AB47 /* Sources */ = {
			isa = PBXSourcesBuildPhase;
			buildActionMask = 2147483647;
			files = (
				A9D3218D29ACC11C00FDBFF6 /* Contact.swift in Sources */,
				A9D910AC29CB527F00AD3610 /* MovieListView.swift in Sources */,
				A9D321A829ACEF4E00FDBFF6 /* MessagesManager.swift in Sources */,
				A97D453529B1485500990372 /* SongListViewModel.swift in Sources */,
				A9D5E80E29AFEB3100277D21 /* AlbumSearchView.swift in Sources */,
				A9D910B229CB55A600AD3610 /* MovieListViewModel.swift in Sources */,
				A9D3218529ACBCAD00FDBFF6 /* Song.swift in Sources */,
				A9D910A729CB460900AD3610 /* SongListView.swift in Sources */,
				A9DD2D0129A6477000A60E40 /* AlbumListViewModel.swift in Sources */,
				A9D3219029ACC26100FDBFF6 /* TitleRow.swift in Sources */,
				A9C67ACA296D90BB0010AB47 /* WelcomeScreen.swift in Sources */,
				A9C67ACC296DA5520010AB47 /* LoginScreen.swift in Sources */,
				A96E38DE29ADFEB300BD4817 /* AuthService.swift in Sources */,
				A9D3219429ACC2CB00FDBFF6 /* MessageField.swift in Sources */,
				A9D3219F29ACDD0000FDBFF6 /* ChatListView.swift in Sources */,
				A9D910B029CB553300AD3610 /* Movie.swift in Sources */,
				A9D5E81029AFFE7600277D21 /* APIError.swift in Sources */,
				A9C67ABD296D8DAF0010AB47 /* ContentView.swift in Sources */,
				A9D3219229ACC2A300FDBFF6 /* MessageBubble.swift in Sources */,
				A9D5E80C29AFE5CC00277D21 /* ChatConversationView.swift in Sources */,
				A9C67ACE296DA5680010AB47 /* SignupScreen.swift in Sources */,
				A9D910A929CB472F00AD3610 /* SongSearchView.swift in Sources */,
				A9D910AE29CB529500AD3610 /* MovieSearchListView.swift in Sources */,
				A9C67ABB296D8DAF0010AB47 /* ListenToYourHeartApp.swift in Sources */,
				A9D3218929ACBDC100FDBFF6 /* AlbumListView.swift in Sources */,
				A9CE12CB29951DD60061A518 /* SearchScreen.swift in Sources */,
				A9D3218B29ACC0EC00FDBFF6 /* Message.swift in Sources */,
				A9D3219729ACCEF800FDBFF6 /* Extensions.swift in Sources */,
				A97D453729B155DE00990372 /* FetchState.swift in Sources */,
				A9D3218329ACBC8800FDBFF6 /* Album.swift in Sources */,
				A9CC278029B09CAD00EEDE21 /* APIService.swift in Sources */,
			);
			runOnlyForDeploymentPostprocessing = 0;
		};
/* End PBXSourcesBuildPhase section */

/* Begin XCBuildConfiguration section */
		A9C67AC3296D8DB00010AB47 /* Debug */ = {
			isa = XCBuildConfiguration;
			buildSettings = {
				ALWAYS_SEARCH_USER_PATHS = NO;
				CLANG_ANALYZER_NONNULL = YES;
				CLANG_ANALYZER_NUMBER_OBJECT_CONVERSION = YES_AGGRESSIVE;
				CLANG_CXX_LANGUAGE_STANDARD = "gnu++20";
				CLANG_ENABLE_MODULES = YES;
				CLANG_ENABLE_OBJC_ARC = YES;
				CLANG_ENABLE_OBJC_WEAK = YES;
				CLANG_WARN_BLOCK_CAPTURE_AUTORELEASING = YES;
				CLANG_WARN_BOOL_CONVERSION = YES;
				CLANG_WARN_COMMA = YES;
				CLANG_WARN_CONSTANT_CONVERSION = YES;
				CLANG_WARN_DEPRECATED_OBJC_IMPLEMENTATIONS = YES;
				CLANG_WARN_DIRECT_OBJC_ISA_USAGE = YES_ERROR;
				CLANG_WARN_DOCUMENTATION_COMMENTS = YES;
				CLANG_WARN_EMPTY_BODY = YES;
				CLANG_WARN_ENUM_CONVERSION = YES;
				CLANG_WARN_INFINITE_RECURSION = YES;
				CLANG_WARN_INT_CONVERSION = YES;
				CLANG_WARN_NON_LITERAL_NULL_CONVERSION = YES;
				CLANG_WARN_OBJC_IMPLICIT_RETAIN_SELF = YES;
				CLANG_WARN_OBJC_LITERAL_CONVERSION = YES;
				CLANG_WARN_OBJC_ROOT_CLASS = YES_ERROR;
				CLANG_WARN_QUOTED_INCLUDE_IN_FRAMEWORK_HEADER = YES;
				CLANG_WARN_RANGE_LOOP_ANALYSIS = YES;
				CLANG_WARN_STRICT_PROTOTYPES = YES;
				CLANG_WARN_SUSPICIOUS_MOVE = YES;
				CLANG_WARN_UNGUARDED_AVAILABILITY = YES_AGGRESSIVE;
				CLANG_WARN_UNREACHABLE_CODE = YES;
				CLANG_WARN__DUPLICATE_METHOD_MATCH = YES;
				COPY_PHASE_STRIP = NO;
				DEBUG_INFORMATION_FORMAT = dwarf;
				ENABLE_STRICT_OBJC_MSGSEND = YES;
				ENABLE_TESTABILITY = YES;
				GCC_C_LANGUAGE_STANDARD = gnu11;
				GCC_DYNAMIC_NO_PIC = NO;
				GCC_NO_COMMON_BLOCKS = YES;
				GCC_OPTIMIZATION_LEVEL = 0;
				GCC_PREPROCESSOR_DEFINITIONS = (
					"DEBUG=1",
					"$(inherited)",
				);
				GCC_WARN_64_TO_32_BIT_CONVERSION = YES;
				GCC_WARN_ABOUT_RETURN_TYPE = YES_ERROR;
				GCC_WARN_UNDECLARED_SELECTOR = YES;
				GCC_WARN_UNINITIALIZED_AUTOS = YES_AGGRESSIVE;
				GCC_WARN_UNUSED_FUNCTION = YES;
				GCC_WARN_UNUSED_VARIABLE = YES;
				IPHONEOS_DEPLOYMENT_TARGET = 16.2;
				MTL_ENABLE_DEBUG_INFO = INCLUDE_SOURCE;
				MTL_FAST_MATH = YES;
				ONLY_ACTIVE_ARCH = YES;
				SDKROOT = iphoneos;
				SWIFT_ACTIVE_COMPILATION_CONDITIONS = DEBUG;
				SWIFT_OPTIMIZATION_LEVEL = "-Onone";
			};
			name = Debug;
		};
		A9C67AC4296D8DB00010AB47 /* Release */ = {
			isa = XCBuildConfiguration;
			buildSettings = {
				ALWAYS_SEARCH_USER_PATHS = NO;
				CLANG_ANALYZER_NONNULL = YES;
				CLANG_ANALYZER_NUMBER_OBJECT_CONVERSION = YES_AGGRESSIVE;
				CLANG_CXX_LANGUAGE_STANDARD = "gnu++20";
				CLANG_ENABLE_MODULES = YES;
				CLANG_ENABLE_OBJC_ARC = YES;
				CLANG_ENABLE_OBJC_WEAK = YES;
				CLANG_WARN_BLOCK_CAPTURE_AUTORELEASING = YES;
				CLANG_WARN_BOOL_CONVERSION = YES;
				CLANG_WARN_COMMA = YES;
				CLANG_WARN_CONSTANT_CONVERSION = YES;
				CLANG_WARN_DEPRECATED_OBJC_IMPLEMENTATIONS = YES;
				CLANG_WARN_DIRECT_OBJC_ISA_USAGE = YES_ERROR;
				CLANG_WARN_DOCUMENTATION_COMMENTS = YES;
				CLANG_WARN_EMPTY_BODY = YES;
				CLANG_WARN_ENUM_CONVERSION = YES;
				CLANG_WARN_INFINITE_RECURSION = YES;
				CLANG_WARN_INT_CONVERSION = YES;
				CLANG_WARN_NON_LITERAL_NULL_CONVERSION = YES;
				CLANG_WARN_OBJC_IMPLICIT_RETAIN_SELF = YES;
				CLANG_WARN_OBJC_LITERAL_CONVERSION = YES;
				CLANG_WARN_OBJC_ROOT_CLASS = YES_ERROR;
				CLANG_WARN_QUOTED_INCLUDE_IN_FRAMEWORK_HEADER = YES;
				CLANG_WARN_RANGE_LOOP_ANALYSIS = YES;
				CLANG_WARN_STRICT_PROTOTYPES = YES;
				CLANG_WARN_SUSPICIOUS_MOVE = YES;
				CLANG_WARN_UNGUARDED_AVAILABILITY = YES_AGGRESSIVE;
				CLANG_WARN_UNREACHABLE_CODE = YES;
				CLANG_WARN__DUPLICATE_METHOD_MATCH = YES;
				COPY_PHASE_STRIP = NO;
				DEBUG_INFORMATION_FORMAT = "dwarf-with-dsym";
				ENABLE_NS_ASSERTIONS = NO;
				ENABLE_STRICT_OBJC_MSGSEND = YES;
				GCC_C_LANGUAGE_STANDARD = gnu11;
				GCC_NO_COMMON_BLOCKS = YES;
				GCC_WARN_64_TO_32_BIT_CONVERSION = YES;
				GCC_WARN_ABOUT_RETURN_TYPE = YES_ERROR;
				GCC_WARN_UNDECLARED_SELECTOR = YES;
				GCC_WARN_UNINITIALIZED_AUTOS = YES_AGGRESSIVE;
				GCC_WARN_UNUSED_FUNCTION = YES;
				GCC_WARN_UNUSED_VARIABLE = YES;
				IPHONEOS_DEPLOYMENT_TARGET = 16.2;
				MTL_ENABLE_DEBUG_INFO = NO;
				MTL_FAST_MATH = YES;
				SDKROOT = iphoneos;
				SWIFT_COMPILATION_MODE = wholemodule;
				SWIFT_OPTIMIZATION_LEVEL = "-O";
				VALIDATE_PRODUCT = YES;
			};
			name = Release;
		};
		A9C67AC6296D8DB00010AB47 /* Debug */ = {
			isa = XCBuildConfiguration;
			buildSettings = {
				ASSETCATALOG_COMPILER_APPICON_NAME = AppIcon;
				ASSETCATALOG_COMPILER_GLOBAL_ACCENT_COLOR_NAME = AccentColor;
				CODE_SIGN_ENTITLEMENTS = ListenToYourHeart/ListenToYourHeart.entitlements;
				CODE_SIGN_STYLE = Automatic;
				CURRENT_PROJECT_VERSION = 1;
				DEVELOPMENT_ASSET_PATHS = "\"ListenToYourHeart/Preview Content\"";
				DEVELOPMENT_TEAM = G35WYL59CS;
				ENABLE_PREVIEWS = YES;
				GENERATE_INFOPLIST_FILE = YES;
				INFOPLIST_KEY_UIApplicationSceneManifest_Generation = YES;
				INFOPLIST_KEY_UIApplicationSupportsIndirectInputEvents = YES;
				INFOPLIST_KEY_UILaunchScreen_Generation = YES;
				INFOPLIST_KEY_UISupportedInterfaceOrientations_iPad = "UIInterfaceOrientationPortrait UIInterfaceOrientationPortraitUpsideDown UIInterfaceOrientationLandscapeLeft UIInterfaceOrientationLandscapeRight";
				INFOPLIST_KEY_UISupportedInterfaceOrientations_iPhone = "UIInterfaceOrientationPortrait UIInterfaceOrientationLandscapeLeft UIInterfaceOrientationLandscapeRight";
				LD_RUNPATH_SEARCH_PATHS = (
					"$(inherited)",
					"@executable_path/Frameworks",
				);
				MARKETING_VERSION = 1.0;
				PRODUCT_BUNDLE_IDENTIFIER = "de.syntax-institut.ListenToYourHeart";
				PRODUCT_NAME = "$(TARGET_NAME)";
				SWIFT_EMIT_LOC_STRINGS = YES;
				SWIFT_VERSION = 5.0;
				TARGETED_DEVICE_FAMILY = "1,2";
			};
			name = Debug;
		};
		A9C67AC7296D8DB00010AB47 /* Release */ = {
			isa = XCBuildConfiguration;
			buildSettings = {
				ASSETCATALOG_COMPILER_APPICON_NAME = AppIcon;
				ASSETCATALOG_COMPILER_GLOBAL_ACCENT_COLOR_NAME = AccentColor;
				CODE_SIGN_ENTITLEMENTS = ListenToYourHeart/ListenToYourHeart.entitlements;
				CODE_SIGN_STYLE = Automatic;
				CURRENT_PROJECT_VERSION = 1;
				DEVELOPMENT_ASSET_PATHS = "\"ListenToYourHeart/Preview Content\"";
				DEVELOPMENT_TEAM = G35WYL59CS;
				ENABLE_PREVIEWS = YES;
				GENERATE_INFOPLIST_FILE = YES;
				INFOPLIST_KEY_UIApplicationSceneManifest_Generation = YES;
				INFOPLIST_KEY_UIApplicationSupportsIndirectInputEvents = YES;
				INFOPLIST_KEY_UILaunchScreen_Generation = YES;
				INFOPLIST_KEY_UISupportedInterfaceOrientations_iPad = "UIInterfaceOrientationPortrait UIInterfaceOrientationPortraitUpsideDown UIInterfaceOrientationLandscapeLeft UIInterfaceOrientationLandscapeRight";
				INFOPLIST_KEY_UISupportedInterfaceOrientations_iPhone = "UIInterfaceOrientationPortrait UIInterfaceOrientationLandscapeLeft UIInterfaceOrientationLandscapeRight";
				LD_RUNPATH_SEARCH_PATHS = (
					"$(inherited)",
					"@executable_path/Frameworks",
				);
				MARKETING_VERSION = 1.0;
				PRODUCT_BUNDLE_IDENTIFIER = "de.syntax-institut.ListenToYourHeart";
				PRODUCT_NAME = "$(TARGET_NAME)";
				SWIFT_EMIT_LOC_STRINGS = YES;
				SWIFT_VERSION = 5.0;
				TARGETED_DEVICE_FAMILY = "1,2";
			};
			name = Release;
		};
/* End XCBuildConfiguration section */

/* Begin XCConfigurationList section */
		A9C67AB2296D8DAF0010AB47 /* Build configuration list for PBXProject "ListenToYourHeart" */ = {
			isa = XCConfigurationList;
			buildConfigurations = (
				A9C67AC3296D8DB00010AB47 /* Debug */,
				A9C67AC4296D8DB00010AB47 /* Release */,
			);
			defaultConfigurationIsVisible = 0;
			defaultConfigurationName = Release;
		};
		A9C67AC5296D8DB00010AB47 /* Build configuration list for PBXNativeTarget "ListenToYourHeart" */ = {
			isa = XCConfigurationList;
			buildConfigurations = (
				A9C67AC6296D8DB00010AB47 /* Debug */,
				A9C67AC7296D8DB00010AB47 /* Release */,
			);
			defaultConfigurationIsVisible = 0;
			defaultConfigurationName = Release;
		};
/* End XCConfigurationList section */

/* Begin XCRemoteSwiftPackageReference section */
		A96E38D629ADFA6300BD4817 /* XCRemoteSwiftPackageReference "firebase-ios-sdk" */ = {
			isa = XCRemoteSwiftPackageReference;
			repositoryURL = "https://github.com/firebase/firebase-ios-sdk";
			requirement = {
				kind = upToNextMajorVersion;
				minimumVersion = 9.0.0;
			};
		};
/* End XCRemoteSwiftPackageReference section */

/* Begin XCSwiftPackageProductDependency section */
		A96E38D729ADFA6300BD4817 /* FirebaseFirestore */ = {
			isa = XCSwiftPackageProductDependency;
			package = A96E38D629ADFA6300BD4817 /* XCRemoteSwiftPackageReference "firebase-ios-sdk" */;
			productName = FirebaseFirestore;
		};
		A96E38D929ADFA6300BD4817 /* FirebaseFirestoreSwift */ = {
			isa = XCSwiftPackageProductDependency;
			package = A96E38D629ADFA6300BD4817 /* XCRemoteSwiftPackageReference "firebase-ios-sdk" */;
			productName = FirebaseFirestoreSwift;
		};
/* End XCSwiftPackageProductDependency section */
	};
	rootObject = A9C67AAF296D8DAF0010AB47 /* Project object */;
}
